
Microsoft Visual Studio Solution File, Format Version 12.00
# Visual Studio Version 16
VisualStudioVersion = 16.0.29020.237
MinimumVisualStudioVersion = 10.0.40219.1
Project("{FAE04EC0-301F-11D3-BF4B-00C04F79EFBC}") = "EkoFunkcje", "EkoFunkcje\EkoFunkcje.csproj", "{703774A7-B605-4DE9-8DE8-90A1F25547A9}"
EndProject
Global
	GlobalSection(SolutionConfigurationPlatforms) = preSolution
		Debug|Any CPU = Debug|Any CPU
		Release|Any CPU = Release|Any CPU
	EndGlobalSection
	GlobalSection(ProjectConfigurationPlatforms) = postSolution
		{703774A7-B605-4DE9-8DE8-90A1F25547A9}.Debug|Any CPU.ActiveCfg = Debug|Any CPU
		{703774A7-B605-4DE9-8DE8-90A1F25547A9}.Debug|Any CPU.Build.0 = Debug|Any CPU
		{703774A7-B605-4DE9-8DE8-90A1F25547A9}.Release|Any CPU.ActiveCfg = Release|Any CPU
		{703774A7-B605-4DE9-8DE8-90A1F25547A9}.Release|Any CPU.Build.0 = Release|Any CPU
	EndGlobalSection
	GlobalSection(SolutionProperties) = preSolution
		HideSolutionNode = FALSE
	EndGlobalSection
	GlobalSection(ExtensibilityGlobals) = postSolution
		SolutionGuid = {DAF426EC-C97D-48F8-9509-5F4BBCA12435}
	EndGlobalSection
EndGlobal
